github.com/RussellLuo/timingwheel v0.0.0-20191211035242-0e67dbf0ae97 h1:hTWutQkLyyHGn2DVHoGqDIlXzfYL+wumsFW62KChAIQ=
github.com/RussellLuo/timingwheel v0.0.0-20191211035242-0e67dbf0ae97/go.mod h1:3VIJp8oOAlnDUnPy3kwyBGqsMiJJujqTP6ic9Jv6NbM=
github.com/google/uuid v1.1.1 h1:Gkbcsh/GbpXz7lPftLA3P6TYMwjCLYm83jiFQZF/3gY=
github.com/google/uuid v1.1.1/go.mod h1:TIyPZe4MgqvfeYDBFedMoGGpEw/LqOeaOT+nhxU+yHo=
